// !$*UTF8*$!
{
	archiveVersion = 1;
	classes = {
	};
	objectVersion = 46;
	objects = {

/* Begin PBXBuildFile section */
		2127C8221819815E31E87DE1 /* libPods-okto_iosUITests.a in Frameworks */ = {isa = PBXBuildFile; fileRef = 6412A411285FFBDA944AA26A /* libPods-okto_iosUITests.a */; };
		36563FFFB45F24F0FA3F9B10 /* libPods-okto_iosTests.a in Frameworks */ = {isa = PBXBuildFile; fileRef = 1680EAE83EF164AF686CA265 /* libPods-okto_iosTests.a */; };
		7F1295B09EF918267C9594BA /* libPods-okto_ios.a in Frameworks */ = {isa = PBXBuildFile; fileRef = 54181C1615D7226B2E4B365C /* libPods-okto_ios.a */; };
		DC372D081D7379A30023270F /* ScheduleItem+CoreDataClass.m in Sources */ = {isa = PBXBuildFile; fileRef = DC372CE91D7379A30023270F /* ScheduleItem+CoreDataClass.m */; };
		DC372D091D7379A30023270F /* ScheduleItem+CoreDataProperties.m in Sources */ = {isa = PBXBuildFile; fileRef = DC372CEB1D7379A30023270F /* ScheduleItem+CoreDataProperties.m */; };
		DC372D0A1D7379A30023270F /* PathPosition+CoreDataClass.m in Sources */ = {isa = PBXBuildFile; fileRef = DC372CED1D7379A30023270F /* PathPosition+CoreDataClass.m */; };
		DC372D0B1D7379A30023270F /* PathPosition+CoreDataProperties.m in Sources */ = {isa = PBXBuildFile; fileRef = DC372CEF1D7379A30023270F /* PathPosition+CoreDataProperties.m */; };
		DC372D0C1D7379A30023270F /* Sponsor+CoreDataClass.m in Sources */ = {isa = PBXBuildFile; fileRef = DC372CF11D7379A30023270F /* Sponsor+CoreDataClass.m */; };
		DC372D0D1D7379A30023270F /* Sponsor+CoreDataProperties.m in Sources */ = {isa = PBXBuildFile; fileRef = DC372CF31D7379A30023270F /* Sponsor+CoreDataProperties.m */; };
		DC372D0E1D7379A30023270F /* WelcomeInfo+CoreDataClass.m in Sources */ = {isa = PBXBuildFile; fileRef = DC372CF51D7379A30023270F /* WelcomeInfo+CoreDataClass.m */; };
		DC372D0F1D7379A30023270F /* WelcomeInfo+CoreDataProperties.m in Sources */ = {isa = PBXBuildFile; fileRef = DC372CF71D7379A30023270F /* WelcomeInfo+CoreDataProperties.m */; };
		DC372D101D7379A30023270F /* FAQ+CoreDataClass.m in Sources */ = {isa = PBXBuildFile; fileRef = DC372CF91D7379A30023270F /* FAQ+CoreDataClass.m */; };
		DC372D111D7379A30023270F /* FAQ+CoreDataProperties.m in Sources */ = {isa = PBXBuildFile; fileRef = DC372CFB1D7379A30023270F /* FAQ+CoreDataProperties.m */; };
		DC372D121D7379A30023270F /* BusPath+CoreDataClass.m in Sources */ = {isa = PBXBuildFile; fileRef = DC372CFD1D7379A30023270F /* BusPath+CoreDataClass.m */; };
		DC372D131D7379A30023270F /* BusPath+CoreDataProperties.m in Sources */ = {isa = PBXBuildFile; fileRef = DC372CFF1D7379A30023270F /* BusPath+CoreDataProperties.m */; };
		DC372D141D7379A30023270F /* Beer+CoreDataClass.m in Sources */ = {isa = PBXBuildFile; fileRef = DC372D011D7379A30023270F /* Beer+CoreDataClass.m */; };
		DC372D151D7379A30023270F /* Beer+CoreDataProperties.m in Sources */ = {isa = PBXBuildFile; fileRef = DC372D031D7379A30023270F /* Beer+CoreDataProperties.m */; };
		DC372D161D7379A30023270F /* ContactInfo+CoreDataClass.m in Sources */ = {isa = PBXBuildFile; fileRef = DC372D051D7379A30023270F /* ContactInfo+CoreDataClass.m */; };
		DC372D171D7379A30023270F /* ContactInfo+CoreDataProperties.m in Sources */ = {isa = PBXBuildFile; fileRef = DC372D071D7379A30023270F /* ContactInfo+CoreDataProperties.m */; };
		DC5B008B1D712869001C5A83 /* RootViewController.m in Sources */ = {isa = PBXBuildFile; fileRef = DC5B008A1D712869001C5A83 /* RootViewController.m */; };
		DC7454401D61155F00D87656 /* main.m in Sources */ = {isa = PBXBuildFile; fileRef = DC74543F1D61155F00D87656 /* main.m */; };
		DC7454431D61155F00D87656 /* AppDelegate.m in Sources */ = {isa = PBXBuildFile; fileRef = DC7454421D61155F00D87656 /* AppDelegate.m */; };
		DC74544C1D61155F00D87656 /* okto_ios.xcdatamodeld in Sources */ = {isa = PBXBuildFile; fileRef = DC74544A1D61155F00D87656 /* okto_ios.xcdatamodeld */; };
		DC74544E1D61155F00D87656 /* Assets.xcassets in Resources */ = {isa = PBXBuildFile; fileRef = DC74544D1D61155F00D87656 /* Assets.xcassets */; };
		DC7454511D61155F00D87656 /* LaunchScreen.storyboard in Resources */ = {isa = PBXBuildFile; fileRef = DC74544F1D61155F00D87656 /* LaunchScreen.storyboard */; };
		DC74545C1D61155F00D87656 /* okto_iosTests.m in Sources */ = {isa = PBXBuildFile; fileRef = DC74545B1D61155F00D87656 /* okto_iosTests.m */; };
		DC7454671D61155F00D87656 /* okto_iosUITests.m in Sources */ = {isa = PBXBuildFile; fileRef = DC7454661D61155F00D87656 /* okto_iosUITests.m */; };
		DC74547F1D6115AD00D87656 /* Main.storyboard in Resources */ = {isa = PBXBuildFile; fileRef = DC74547D1D6115AD00D87656 /* Main.storyboard */; };
		DC7454831D6115B400D87656 /* Bienvenue.storyboard in Resources */ = {isa = PBXBuildFile; fileRef = DC7454801D6115B400D87656 /* Bienvenue.storyboard */; };
		DC7454841D6115B400D87656 /* Bieres.storyboard in Resources */ = {isa = PBXBuildFile; fileRef = DC7454811D6115B400D87656 /* Bieres.storyboard */; };
		DC7454851D6115B400D87656 /* Programmation.storyboard in Resources */ = {isa = PBXBuildFile; fileRef = DC7454821D6115B400D87656 /* Programmation.storyboard */; };
		DC7454871D6115DD00D87656 /* Plan.storyboard in Resources */ = {isa = PBXBuildFile; fileRef = DC7454861D6115DD00D87656 /* Plan.storyboard */; };
		DC7454891D6115F500D87656 /* Info.storyboard in Resources */ = {isa = PBXBuildFile; fileRef = DC7454881D6115F500D87656 /* Info.storyboard */; };
		DC74548E1D611AFB00D87656 /* OKTFlowController.m in Sources */ = {isa = PBXBuildFile; fileRef = DC74548D1D611AFB00D87656 /* OKTFlowController.m */; };
		DC7454911D61483200D87656 /* OKTAPIWrapper.m in Sources */ = {isa = PBXBuildFile; fileRef = DC7454901D61483200D87656 /* OKTAPIWrapper.m */; };
		DC7454941D61487E00D87656 /* OKTNetworkMethods.m in Sources */ = {isa = PBXBuildFile; fileRef = DC7454931D61487E00D87656 /* OKTNetworkMethods.m */; };
		DCA9F7D91D7200FA00C19FA8 /* ScheduleTableViewController.m in Sources */ = {isa = PBXBuildFile; fileRef = DCA9F7D81D7200FA00C19FA8 /* ScheduleTableViewController.m */; };
		DCA9F7E31D7205C400C19FA8 /* OKTBaseTableViewController.m in Sources */ = {isa = PBXBuildFile; fileRef = DCA9F7E21D7205C400C19FA8 /* OKTBaseTableViewController.m */; };
		DCA9F7E61D72060800C19FA8 /* OKTBaseTableViewController+FetchedResultsController.m in Sources */ = {isa = PBXBuildFile; fileRef = DCA9F7E51D72060800C19FA8 /* OKTBaseTableViewController+FetchedResultsController.m */; };
		DCA9F7EC1D7209CF00C19FA8 /* ScheduleItemTableViewCell.m in Sources */ = {isa = PBXBuildFile; fileRef = DCA9F7EB1D7209CF00C19FA8 /* ScheduleItemTableViewCell.m */; };
		DCDABDBE1D70CB9600BCC342 /* Beer+Methods.m in Sources */ = {isa = PBXBuildFile; fileRef = DCDABDBD1D70CB9600BCC342 /* Beer+Methods.m */; };
		DCDABDC31D70CDFB00BCC342 /* ScheduleItem+Methods.m in Sources */ = {isa = PBXBuildFile; fileRef = DCDABDC21D70CDFB00BCC342 /* ScheduleItem+Methods.m */; };
		DCDABDC61D70CE1000BCC342 /* PathPosition+Methods.m in Sources */ = {isa = PBXBuildFile; fileRef = DCDABDC51D70CE1000BCC342 /* PathPosition+Methods.m */; };
		DCDABDC91D70CE1900BCC342 /* BusPath+Methods.m in Sources */ = {isa = PBXBuildFile; fileRef = DCDABDC81D70CE1900BCC342 /* BusPath+Methods.m */; };
		DCDABDCC1D70CE2200BCC342 /* ContactInfo+Methods.m in Sources */ = {isa = PBXBuildFile; fileRef = DCDABDCB1D70CE2200BCC342 /* ContactInfo+Methods.m */; };
		DCDABDCF1D70D9EF00BCC342 /* NSDictionary+NilSupport.m in Sources */ = {isa = PBXBuildFile; fileRef = DCDABDCE1D70D9EF00BCC342 /* NSDictionary+NilSupport.m */; };
		DCDABDD31D7115A100BCC342 /* BeersTableViewController.m in Sources */ = {isa = PBXBuildFile; fileRef = DCDABDD21D7115A100BCC342 /* BeersTableViewController.m */; };
		DCDABDD61D71170600BCC342 /* BeerTableViewCell.m in Sources */ = {isa = PBXBuildFile; fileRef = DCDABDD51D71170600BCC342 /* BeerTableViewCell.m */; };
/* End PBXBuildFile section */

/* Begin PBXContainerItemProxy section */
		DC7454581D61155F00D87656 /* PBXContainerItemProxy */ = {
			isa = PBXContainerItemProxy;
			containerPortal = DC7454331D61155F00D87656 /* Project object */;
			proxyType = 1;
			remoteGlobalIDString = DC74543A1D61155F00D87656;
			remoteInfo = okto_ios;
		};
		DC7454631D61155F00D87656 /* PBXContainerItemProxy */ = {
			isa = PBXContainerItemProxy;
			containerPortal = DC7454331D61155F00D87656 /* Project object */;
			proxyType = 1;
			remoteGlobalIDString = DC74543A1D61155F00D87656;
			remoteInfo = okto_ios;
		};
/* End PBXContainerItemProxy section */

/* Begin PBXFileReference section */
		1578D09E6921F4C2078041C0 /* Pods-okto_iosTests.debug.xcconfig */ = {isa = PBXFileReference; includeInIndex = 1; lastKnownFileType = text.xcconfig; name = "Pods-okto_iosTests.debug.xcconfig"; path = "Pods/Target Support Files/Pods-okto_iosTests/Pods-okto_iosTests.debug.xcconfig"; sourceTree = "<group>"; };
		1680EAE83EF164AF686CA265 /* libPods-okto_iosTests.a */ = {isa = PBXFileReference; explicitFileType = archive.ar; includeInIndex = 0; path = "libPods-okto_iosTests.a"; sourceTree = BUILT_PRODUCTS_DIR; };
		54181C1615D7226B2E4B365C /* libPods-okto_ios.a */ = {isa = PBXFileReference; explicitFileType = archive.ar; includeInIndex = 0; path = "libPods-okto_ios.a"; sourceTree = BUILT_PRODUCTS_DIR; };
		6412A411285FFBDA944AA26A /* libPods-okto_iosUITests.a */ = {isa = PBXFileReference; explicitFileType = archive.ar; includeInIndex = 0; path = "libPods-okto_iosUITests.a"; sourceTree = BUILT_PRODUCTS_DIR; };
		76435C52A76FDBD78AF3FFE8 /* Pods-okto_iosUITests.release.xcconfig */ = {isa = PBXFileReference; includeInIndex = 1; lastKnownFileType = text.xcconfig; name = "Pods-okto_iosUITests.release.xcconfig"; path = "Pods/Target Support Files/Pods-okto_iosUITests/Pods-okto_iosUITests.release.xcconfig"; sourceTree = "<group>"; };
		7EFF89E4C950CBFE79BF56DE /* Pods-okto_iosTests.release.xcconfig */ = {isa = PBXFileReference; includeInIndex = 1; lastKnownFileType = text.xcconfig; name = "Pods-okto_iosTests.release.xcconfig"; path = "Pods/Target Support Files/Pods-okto_iosTests/Pods-okto_iosTests.release.xcconfig"; sourceTree = "<group>"; };
		9BEAA1A84801F6EC1CB9BE26 /* Pods-okto_iosUITests.debug.xcconfig */ = {isa = PBXFileReference; includeInIndex = 1; lastKnownFileType = text.xcconfig; name = "Pods-okto_iosUITests.debug.xcconfig"; path = "Pods/Target Support Files/Pods-okto_iosUITests/Pods-okto_iosUITests.debug.xcconfig"; sourceTree = "<group>"; };
		B3CE05E2EA3DC44C7CECA6EC /* Pods-okto_ios.release.xcconfig */ = {isa = PBXFileReference; includeInIndex = 1; lastKnownFileType = text.xcconfig; name = "Pods-okto_ios.release.xcconfig"; path = "Pods/Target Support Files/Pods-okto_ios/Pods-okto_ios.release.xcconfig"; sourceTree = "<group>"; };
		C77115BDDE96F5E61082E601 /* Pods-okto_ios.debug.xcconfig */ = {isa = PBXFileReference; includeInIndex = 1; lastKnownFileType = text.xcconfig; name = "Pods-okto_ios.debug.xcconfig"; path = "Pods/Target Support Files/Pods-okto_ios/Pods-okto_ios.debug.xcconfig"; sourceTree = "<group>"; };
		DC372CE81D7379A30023270F /* ScheduleItem+CoreDataClass.h */ = {isa = PBXFileReference; fileEncoding = 4; lastKnownFileType = sourcecode.c.h; path = "ScheduleItem+CoreDataClass.h"; sourceTree = "<group>"; };
		DC372CE91D7379A30023270F /* ScheduleItem+CoreDataClass.m */ = {isa = PBXFileReference; fileEncoding = 4; lastKnownFileType = sourcecode.c.objc; path = "ScheduleItem+CoreDataClass.m"; sourceTree = "<group>"; };
		DC372CEA1D7379A30023270F /* ScheduleItem+CoreDataProperties.h */ = {isa = PBXFileReference; fileEncoding = 4; lastKnownFileType = sourcecode.c.h; path = "ScheduleItem+CoreDataProperties.h"; sourceTree = "<group>"; };
		DC372CEB1D7379A30023270F /* ScheduleItem+CoreDataProperties.m */ = {isa = PBXFileReference; fileEncoding = 4; lastKnownFileType = sourcecode.c.objc; path = "ScheduleItem+CoreDataProperties.m"; sourceTree = "<group>"; };
		DC372CEC1D7379A30023270F /* PathPosition+CoreDataClass.h */ = {isa = PBXFileReference; fileEncoding = 4; lastKnownFileType = sourcecode.c.h; path = "PathPosition+CoreDataClass.h"; sourceTree = "<group>"; };
		DC372CED1D7379A30023270F /* PathPosition+CoreDataClass.m */ = {isa = PBXFileReference; fileEncoding = 4; lastKnownFileType = sourcecode.c.objc; path = "PathPosition+CoreDataClass.m"; sourceTree = "<group>"; };
		DC372CEE1D7379A30023270F /* PathPosition+CoreDataProperties.h */ = {isa = PBXFileReference; fileEncoding = 4; lastKnownFileType = sourcecode.c.h; path = "PathPosition+CoreDataProperties.h"; sourceTree = "<group>"; };
		DC372CEF1D7379A30023270F /* PathPosition+CoreDataProperties.m */ = {isa = PBXFileReference; fileEncoding = 4; lastKnownFileType = sourcecode.c.objc; path = "PathPosition+CoreDataProperties.m"; sourceTree = "<group>"; };
		DC372CF01D7379A30023270F /* Sponsor+CoreDataClass.h */ = {isa = PBXFileReference; fileEncoding = 4; lastKnownFileType = sourcecode.c.h; path = "Sponsor+CoreDataClass.h"; sourceTree = "<group>"; };
		DC372CF11D7379A30023270F /* Sponsor+CoreDataClass.m */ = {isa = PBXFileReference; fileEncoding = 4; lastKnownFileType = sourcecode.c.objc; path = "Sponsor+CoreDataClass.m"; sourceTree = "<group>"; };
		DC372CF21D7379A30023270F /* Sponsor+CoreDataProperties.h */ = {isa = PBXFileReference; fileEncoding = 4; lastKnownFileType = sourcecode.c.h; path = "Sponsor+CoreDataProperties.h"; sourceTree = "<group>"; };
		DC372CF31D7379A30023270F /* Sponsor+CoreDataProperties.m */ = {isa = PBXFileReference; fileEncoding = 4; lastKnownFileType = sourcecode.c.objc; path = "Sponsor+CoreDataProperties.m"; sourceTree = "<group>"; };
		DC372CF41D7379A30023270F /* WelcomeInfo+CoreDataClass.h */ = {isa = PBXFileReference; fileEncoding = 4; lastKnownFileType = sourcecode.c.h; path = "WelcomeInfo+CoreDataClass.h"; sourceTree = "<group>"; };
		DC372CF51D7379A30023270F /* WelcomeInfo+CoreDataClass.m */ = {isa = PBXFileReference; fileEncoding = 4; lastKnownFileType = sourcecode.c.objc; path = "WelcomeInfo+CoreDataClass.m"; sourceTree = "<group>"; };
		DC372CF61D7379A30023270F /* WelcomeInfo+CoreDataProperties.h */ = {isa = PBXFileReference; fileEncoding = 4; lastKnownFileType = sourcecode.c.h; path = "WelcomeInfo+CoreDataProperties.h"; sourceTree = "<group>"; };
		DC372CF71D7379A30023270F /* WelcomeInfo+CoreDataProperties.m */ = {isa = PBXFileReference; fileEncoding = 4; lastKnownFileType = sourcecode.c.objc; path = "WelcomeInfo+CoreDataProperties.m"; sourceTree = "<group>"; };
		DC372CF81D7379A30023270F /* FAQ+CoreDataClass.h */ = {isa = PBXFileReference; fileEncoding = 4; lastKnownFileType = sourcecode.c.h; path = "FAQ+CoreDataClass.h"; sourceTree = "<group>"; };
		DC372CF91D7379A30023270F /* FAQ+CoreDataClass.m */ = {isa = PBXFileReference; fileEncoding = 4; lastKnownFileType = sourcecode.c.objc; path = "FAQ+CoreDataClass.m"; sourceTree = "<group>"; };
		DC372CFA1D7379A30023270F /* FAQ+CoreDataProperties.h */ = {isa = PBXFileReference; fileEncoding = 4; lastKnownFileType = sourcecode.c.h; path = "FAQ+CoreDataProperties.h"; sourceTree = "<group>"; };
		DC372CFB1D7379A30023270F /* FAQ+CoreDataProperties.m */ = {isa = PBXFileReference; fileEncoding = 4; lastKnownFileType = sourcecode.c.objc; path = "FAQ+CoreDataProperties.m"; sourceTree = "<group>"; };
		DC372CFC1D7379A30023270F /* BusPath+CoreDataClass.h */ = {isa = PBXFileReference; fileEncoding = 4; lastKnownFileType = sourcecode.c.h; path = "BusPath+CoreDataClass.h"; sourceTree = "<group>"; };
		DC372CFD1D7379A30023270F /* BusPath+CoreDataClass.m */ = {isa = PBXFileReference; fileEncoding = 4; lastKnownFileType = sourcecode.c.objc; path = "BusPath+CoreDataClass.m"; sourceTree = "<group>"; };
		DC372CFE1D7379A30023270F /* BusPath+CoreDataProperties.h */ = {isa = PBXFileReference; fileEncoding = 4; lastKnownFileType = sourcecode.c.h; path = "BusPath+CoreDataProperties.h"; sourceTree = "<group>"; };
		DC372CFF1D7379A30023270F /* BusPath+CoreDataProperties.m */ = {isa = PBXFileReference; fileEncoding = 4; lastKnownFileType = sourcecode.c.objc; path = "BusPath+CoreDataProperties.m"; sourceTree = "<group>"; };
		DC372D001D7379A30023270F /* Beer+CoreDataClass.h */ = {isa = PBXFileReference; fileEncoding = 4; lastKnownFileType = sourcecode.c.h; path = "Beer+CoreDataClass.h"; sourceTree = "<group>"; };
		DC372D011D7379A30023270F /* Beer+CoreDataClass.m */ = {isa = PBXFileReference; fileEncoding = 4; lastKnownFileType = sourcecode.c.objc; path = "Beer+CoreDataClass.m"; sourceTree = "<group>"; };
		DC372D021D7379A30023270F /* Beer+CoreDataProperties.h */ = {isa = PBXFileReference; fileEncoding = 4; lastKnownFileType = sourcecode.c.h; path = "Beer+CoreDataProperties.h"; sourceTree = "<group>"; };
		DC372D031D7379A30023270F /* Beer+CoreDataProperties.m */ = {isa = PBXFileReference; fileEncoding = 4; lastKnownFileType = sourcecode.c.objc; path = "Beer+CoreDataProperties.m"; sourceTree = "<group>"; };
		DC372D041D7379A30023270F /* ContactInfo+CoreDataClass.h */ = {isa = PBXFileReference; fileEncoding = 4; lastKnownFileType = sourcecode.c.h; path = "ContactInfo+CoreDataClass.h"; sourceTree = "<group>"; };
		DC372D051D7379A30023270F /* ContactInfo+CoreDataClass.m */ = {isa = PBXFileReference; fileEncoding = 4; lastKnownFileType = sourcecode.c.objc; path = "ContactInfo+CoreDataClass.m"; sourceTree = "<group>"; };
		DC372D061D7379A30023270F /* ContactInfo+CoreDataProperties.h */ = {isa = PBXFileReference; fileEncoding = 4; lastKnownFileType = sourcecode.c.h; path = "ContactInfo+CoreDataProperties.h"; sourceTree = "<group>"; };
		DC372D071D7379A30023270F /* ContactInfo+CoreDataProperties.m */ = {isa = PBXFileReference; fileEncoding = 4; lastKnownFileType = sourcecode.c.objc; path = "ContactInfo+CoreDataProperties.m"; sourceTree = "<group>"; };
		DC5B00891D712869001C5A83 /* RootViewController.h */ = {isa = PBXFileReference; fileEncoding = 4; lastKnownFileType = sourcecode.c.h; path = RootViewController.h; sourceTree = "<group>"; };
		DC5B008A1D712869001C5A83 /* RootViewController.m */ = {isa = PBXFileReference; fileEncoding = 4; lastKnownFileType = sourcecode.c.objc; path = RootViewController.m; sourceTree = "<group>"; };
		DC74543B1D61155F00D87656 /* okto_ios.app */ = {isa = PBXFileReference; explicitFileType = wrapper.application; includeInIndex = 0; path = okto_ios.app; sourceTree = BUILT_PRODUCTS_DIR; };
		DC74543F1D61155F00D87656 /* main.m */ = {isa = PBXFileReference; lastKnownFileType = sourcecode.c.objc; path = main.m; sourceTree = "<group>"; };
		DC7454411D61155F00D87656 /* AppDelegate.h */ = {isa = PBXFileReference; lastKnownFileType = sourcecode.c.h; path = AppDelegate.h; sourceTree = "<group>"; };
		DC7454421D61155F00D87656 /* AppDelegate.m */ = {isa = PBXFileReference; lastKnownFileType = sourcecode.c.objc; path = AppDelegate.m; sourceTree = "<group>"; };
		DC74544B1D61155F00D87656 /* okto_ios.xcdatamodel */ = {isa = PBXFileReference; lastKnownFileType = wrapper.xcdatamodel; path = okto_ios.xcdatamodel; sourceTree = "<group>"; };
		DC74544D1D61155F00D87656 /* Assets.xcassets */ = {isa = PBXFileReference; lastKnownFileType = folder.assetcatalog; path = Assets.xcassets; sourceTree = "<group>"; };
		DC7454501D61155F00D87656 /* Base */ = {isa = PBXFileReference; lastKnownFileType = file.storyboard; name = Base; path = Base.lproj/LaunchScreen.storyboard; sourceTree = "<group>"; };
		DC7454521D61155F00D87656 /* Info.plist */ = {isa = PBXFileReference; lastKnownFileType = text.plist.xml; path = Info.plist; sourceTree = "<group>"; };
		DC7454571D61155F00D87656 /* okto_iosTests.xctest */ = {isa = PBXFileReference; explicitFileType = wrapper.cfbundle; includeInIndex = 0; path = okto_iosTests.xctest; sourceTree = BUILT_PRODUCTS_DIR; };
		DC74545B1D61155F00D87656 /* okto_iosTests.m */ = {isa = PBXFileReference; lastKnownFileType = sourcecode.c.objc; path = okto_iosTests.m; sourceTree = "<group>"; };
		DC74545D1D61155F00D87656 /* Info.plist */ = {isa = PBXFileReference; lastKnownFileType = text.plist.xml; path = Info.plist; sourceTree = "<group>"; };
		DC7454621D61155F00D87656 /* okto_iosUITests.xctest */ = {isa = PBXFileReference; explicitFileType = wrapper.cfbundle; includeInIndex = 0; path = okto_iosUITests.xctest; sourceTree = BUILT_PRODUCTS_DIR; };
		DC7454661D61155F00D87656 /* okto_iosUITests.m */ = {isa = PBXFileReference; lastKnownFileType = sourcecode.c.objc; path = okto_iosUITests.m; sourceTree = "<group>"; };
		DC7454681D61155F00D87656 /* Info.plist */ = {isa = PBXFileReference; lastKnownFileType = text.plist.xml; path = Info.plist; sourceTree = "<group>"; };
		DC74547E1D6115AD00D87656 /* Base */ = {isa = PBXFileReference; lastKnownFileType = file.storyboard; name = Base; path = Base.lproj/Main.storyboard; sourceTree = "<group>"; };
		DC7454801D6115B400D87656 /* Bienvenue.storyboard */ = {isa = PBXFileReference; fileEncoding = 4; lastKnownFileType = file.storyboard; path = Bienvenue.storyboard; sourceTree = "<group>"; };
		DC7454811D6115B400D87656 /* Bieres.storyboard */ = {isa = PBXFileReference; fileEncoding = 4; lastKnownFileType = file.storyboard; path = Bieres.storyboard; sourceTree = "<group>"; };
		DC7454821D6115B400D87656 /* Programmation.storyboard */ = {isa = PBXFileReference; fileEncoding = 4; lastKnownFileType = file.storyboard; path = Programmation.storyboard; sourceTree = "<group>"; };
		DC7454861D6115DD00D87656 /* Plan.storyboard */ = {isa = PBXFileReference; fileEncoding = 4; lastKnownFileType = file.storyboard; path = Plan.storyboard; sourceTree = "<group>"; };
		DC7454881D6115F500D87656 /* Info.storyboard */ = {isa = PBXFileReference; fileEncoding = 4; lastKnownFileType = file.storyboard; path = Info.storyboard; sourceTree = "<group>"; };
		DC74548C1D611AFB00D87656 /* OKTFlowController.h */ = {isa = PBXFileReference; fileEncoding = 4; lastKnownFileType = sourcecode.c.h; path = OKTFlowController.h; sourceTree = "<group>"; };
		DC74548D1D611AFB00D87656 /* OKTFlowController.m */ = {isa = PBXFileReference; fileEncoding = 4; lastKnownFileType = sourcecode.c.objc; path = OKTFlowController.m; sourceTree = "<group>"; };
		DC74548F1D61483200D87656 /* OKTAPIWrapper.h */ = {isa = PBXFileReference; fileEncoding = 4; lastKnownFileType = sourcecode.c.h; path = OKTAPIWrapper.h; sourceTree = "<group>"; };
		DC7454901D61483200D87656 /* OKTAPIWrapper.m */ = {isa = PBXFileReference; fileEncoding = 4; lastKnownFileType = sourcecode.c.objc; path = OKTAPIWrapper.m; sourceTree = "<group>"; };
		DC7454921D61487E00D87656 /* OKTNetworkMethods.h */ = {isa = PBXFileReference; fileEncoding = 4; lastKnownFileType = sourcecode.c.h; path = OKTNetworkMethods.h; sourceTree = "<group>"; };
		DC7454931D61487E00D87656 /* OKTNetworkMethods.m */ = {isa = PBXFileReference; fileEncoding = 4; lastKnownFileType = sourcecode.c.objc; path = OKTNetworkMethods.m; sourceTree = "<group>"; };
		DCA9F7D71D7200FA00C19FA8 /* ScheduleTableViewController.h */ = {isa = PBXFileReference; fileEncoding = 4; lastKnownFileType = sourcecode.c.h; path = ScheduleTableViewController.h; sourceTree = "<group>"; };
		DCA9F7D81D7200FA00C19FA8 /* ScheduleTableViewController.m */ = {isa = PBXFileReference; fileEncoding = 4; lastKnownFileType = sourcecode.c.objc; path = ScheduleTableViewController.m; sourceTree = "<group>"; };
		DCA9F7E11D7205C400C19FA8 /* OKTBaseTableViewController.h */ = {isa = PBXFileReference; fileEncoding = 4; lastKnownFileType = sourcecode.c.h; path = OKTBaseTableViewController.h; sourceTree = "<group>"; };
		DCA9F7E21D7205C400C19FA8 /* OKTBaseTableViewController.m */ = {isa = PBXFileReference; fileEncoding = 4; lastKnownFileType = sourcecode.c.objc; path = OKTBaseTableViewController.m; sourceTree = "<group>"; };
		DCA9F7E41D72060800C19FA8 /* OKTBaseTableViewController+FetchedResultsController.h */ = {isa = PBXFileReference; fileEncoding = 4; lastKnownFileType = sourcecode.c.h; path = "OKTBaseTableViewController+FetchedResultsController.h"; sourceTree = "<group>"; };
		DCA9F7E51D72060800C19FA8 /* OKTBaseTableViewController+FetchedResultsController.m */ = {isa = PBXFileReference; fileEncoding = 4; lastKnownFileType = sourcecode.c.objc; path = "OKTBaseTableViewController+FetchedResultsController.m"; sourceTree = "<group>"; };
		DCA9F7EA1D7209CF00C19FA8 /* ScheduleItemTableViewCell.h */ = {isa = PBXFileReference; fileEncoding = 4; lastKnownFileType = sourcecode.c.h; path = ScheduleItemTableViewCell.h; sourceTree = "<group>"; };
		DCA9F7EB1D7209CF00C19FA8 /* ScheduleItemTableViewCell.m */ = {isa = PBXFileReference; fileEncoding = 4; lastKnownFileType = sourcecode.c.objc; path = ScheduleItemTableViewCell.m; sourceTree = "<group>"; };
		DCA9F7F31D720A4B00C19FA8 /* OKTObjectConfigurableProtocol.h */ = {isa = PBXFileReference; fileEncoding = 4; lastKnownFileType = sourcecode.c.h; path = OKTObjectConfigurableProtocol.h; sourceTree = "<group>"; };
		DCDABDBC1D70CB9600BCC342 /* Beer+Methods.h */ = {isa = PBXFileReference; fileEncoding = 4; lastKnownFileType = sourcecode.c.h; path = "Beer+Methods.h"; sourceTree = "<group>"; };
		DCDABDBD1D70CB9600BCC342 /* Beer+Methods.m */ = {isa = PBXFileReference; fileEncoding = 4; lastKnownFileType = sourcecode.c.objc; path = "Beer+Methods.m"; sourceTree = "<group>"; };
		DCDABDC01D70CD5200BCC342 /* OKTModelProtocol.h */ = {isa = PBXFileReference; fileEncoding = 4; lastKnownFileType = sourcecode.c.h; path = OKTModelProtocol.h; sourceTree = "<group>"; };
		DCDABDC11D70CDFB00BCC342 /* ScheduleItem+Methods.h */ = {isa = PBXFileReference; fileEncoding = 4; lastKnownFileType = sourcecode.c.h; path = "ScheduleItem+Methods.h"; sourceTree = "<group>"; };
		DCDABDC21D70CDFB00BCC342 /* ScheduleItem+Methods.m */ = {isa = PBXFileReference; fileEncoding = 4; lastKnownFileType = sourcecode.c.objc; path = "ScheduleItem+Methods.m"; sourceTree = "<group>"; };
		DCDABDC41D70CE1000BCC342 /* PathPosition+Methods.h */ = {isa = PBXFileReference; fileEncoding = 4; lastKnownFileType = sourcecode.c.h; path = "PathPosition+Methods.h"; sourceTree = "<group>"; };
		DCDABDC51D70CE1000BCC342 /* PathPosition+Methods.m */ = {isa = PBXFileReference; fileEncoding = 4; lastKnownFileType = sourcecode.c.objc; path = "PathPosition+Methods.m"; sourceTree = "<group>"; };
		DCDABDC71D70CE1900BCC342 /* BusPath+Methods.h */ = {isa = PBXFileReference; fileEncoding = 4; lastKnownFileType = sourcecode.c.h; path = "BusPath+Methods.h"; sourceTree = "<group>"; };
		DCDABDC81D70CE1900BCC342 /* BusPath+Methods.m */ = {isa = PBXFileReference; fileEncoding = 4; lastKnownFileType = sourcecode.c.objc; path = "BusPath+Methods.m"; sourceTree = "<group>"; };
		DCDABDCA1D70CE2200BCC342 /* ContactInfo+Methods.h */ = {isa = PBXFileReference; fileEncoding = 4; lastKnownFileType = sourcecode.c.h; path = "ContactInfo+Methods.h"; sourceTree = "<group>"; };
		DCDABDCB1D70CE2200BCC342 /* ContactInfo+Methods.m */ = {isa = PBXFileReference; fileEncoding = 4; lastKnownFileType = sourcecode.c.objc; path = "ContactInfo+Methods.m"; sourceTree = "<group>"; };
		DCDABDCD1D70D9EF00BCC342 /* NSDictionary+NilSupport.h */ = {isa = PBXFileReference; fileEncoding = 4; lastKnownFileType = sourcecode.c.h; path = "NSDictionary+NilSupport.h"; sourceTree = "<group>"; };
		DCDABDCE1D70D9EF00BCC342 /* NSDictionary+NilSupport.m */ = {isa = PBXFileReference; fileEncoding = 4; lastKnownFileType = sourcecode.c.objc; path = "NSDictionary+NilSupport.m"; sourceTree = "<group>"; };
		DCDABDD11D7115A100BCC342 /* BeersTableViewController.h */ = {isa = PBXFileReference; fileEncoding = 4; lastKnownFileType = sourcecode.c.h; path = BeersTableViewController.h; sourceTree = "<group>"; };
		DCDABDD21D7115A100BCC342 /* BeersTableViewController.m */ = {isa = PBXFileReference; fileEncoding = 4; lastKnownFileType = sourcecode.c.objc; path = BeersTableViewController.m; sourceTree = "<group>"; };
		DCDABDD41D71170600BCC342 /* BeerTableViewCell.h */ = {isa = PBXFileReference; fileEncoding = 4; lastKnownFileType = sourcecode.c.h; path = BeerTableViewCell.h; sourceTree = "<group>"; };
		DCDABDD51D71170600BCC342 /* BeerTableViewCell.m */ = {isa = PBXFileReference; fileEncoding = 4; lastKnownFileType = sourcecode.c.objc; path = BeerTableViewCell.m; sourceTree = "<group>"; };
/* End PBXFileReference section */

/* Begin PBXFrameworksBuildPhase section */
		DC7454381D61155F00D87656 /* Frameworks */ = {
			isa = PBXFrameworksBuildPhase;
			buildActionMask = 2147483647;
			files = (
				7F1295B09EF918267C9594BA /* libPods-okto_ios.a in Frameworks */,
			);
			runOnlyForDeploymentPostprocessing = 0;
		};
		DC7454541D61155F00D87656 /* Frameworks */ = {
			isa = PBXFrameworksBuildPhase;
			buildActionMask = 2147483647;
			files = (
				36563FFFB45F24F0FA3F9B10 /* libPods-okto_iosTests.a in Frameworks */,
			);
			runOnlyForDeploymentPostprocessing = 0;
		};
		DC74545F1D61155F00D87656 /* Frameworks */ = {
			isa = PBXFrameworksBuildPhase;
			buildActionMask = 2147483647;
			files = (
				2127C8221819815E31E87DE1 /* libPods-okto_iosUITests.a in Frameworks */,
			);
			runOnlyForDeploymentPostprocessing = 0;
		};
/* End PBXFrameworksBuildPhase section */

/* Begin PBXGroup section */
		868A499115D2F8FC33969595 /* Frameworks */ = {
			isa = PBXGroup;
			children = (
				54181C1615D7226B2E4B365C /* libPods-okto_ios.a */,
				1680EAE83EF164AF686CA265 /* libPods-okto_iosTests.a */,
				6412A411285FFBDA944AA26A /* libPods-okto_iosUITests.a */,
			);
			name = Frameworks;
			sourceTree = "<group>";
		};
		C7383EE9699038DBAC171D00 /* Pods */ = {
			isa = PBXGroup;
			children = (
				C77115BDDE96F5E61082E601 /* Pods-okto_ios.debug.xcconfig */,
				B3CE05E2EA3DC44C7CECA6EC /* Pods-okto_ios.release.xcconfig */,
				1578D09E6921F4C2078041C0 /* Pods-okto_iosTests.debug.xcconfig */,
				7EFF89E4C950CBFE79BF56DE /* Pods-okto_iosTests.release.xcconfig */,
				9BEAA1A84801F6EC1CB9BE26 /* Pods-okto_iosUITests.debug.xcconfig */,
				76435C52A76FDBD78AF3FFE8 /* Pods-okto_iosUITests.release.xcconfig */,
			);
			name = Pods;
			sourceTree = "<group>";
		};
		DC372CE71D7378430023270F /* Automatically generated */ = {
			isa = PBXGroup;
			children = (
				DC372CE81D7379A30023270F /* ScheduleItem+CoreDataClass.h */,
				DC372CE91D7379A30023270F /* ScheduleItem+CoreDataClass.m */,
				DC372CEA1D7379A30023270F /* ScheduleItem+CoreDataProperties.h */,
				DC372CEB1D7379A30023270F /* ScheduleItem+CoreDataProperties.m */,
				DC372CEC1D7379A30023270F /* PathPosition+CoreDataClass.h */,
				DC372CED1D7379A30023270F /* PathPosition+CoreDataClass.m */,
				DC372CEE1D7379A30023270F /* PathPosition+CoreDataProperties.h */,
				DC372CEF1D7379A30023270F /* PathPosition+CoreDataProperties.m */,
				DC372CF01D7379A30023270F /* Sponsor+CoreDataClass.h */,
				DC372CF11D7379A30023270F /* Sponsor+CoreDataClass.m */,
				DC372CF21D7379A30023270F /* Sponsor+CoreDataProperties.h */,
				DC372CF31D7379A30023270F /* Sponsor+CoreDataProperties.m */,
				DC372CF41D7379A30023270F /* WelcomeInfo+CoreDataClass.h */,
				DC372CF51D7379A30023270F /* WelcomeInfo+CoreDataClass.m */,
				DC372CF61D7379A30023270F /* WelcomeInfo+CoreDataProperties.h */,
				DC372CF71D7379A30023270F /* WelcomeInfo+CoreDataProperties.m */,
				DC372CF81D7379A30023270F /* FAQ+CoreDataClass.h */,
				DC372CF91D7379A30023270F /* FAQ+CoreDataClass.m */,
				DC372CFA1D7379A30023270F /* FAQ+CoreDataProperties.h */,
				DC372CFB1D7379A30023270F /* FAQ+CoreDataProperties.m */,
				DC372CFC1D7379A30023270F /* BusPath+CoreDataClass.h */,
				DC372CFD1D7379A30023270F /* BusPath+CoreDataClass.m */,
				DC372CFE1D7379A30023270F /* BusPath+CoreDataProperties.h */,
				DC372CFF1D7379A30023270F /* BusPath+CoreDataProperties.m */,
				DC372D001D7379A30023270F /* Beer+CoreDataClass.h */,
				DC372D011D7379A30023270F /* Beer+CoreDataClass.m */,
				DC372D021D7379A30023270F /* Beer+CoreDataProperties.h */,
				DC372D031D7379A30023270F /* Beer+CoreDataProperties.m */,
				DC372D041D7379A30023270F /* ContactInfo+CoreDataClass.h */,
				DC372D051D7379A30023270F /* ContactInfo+CoreDataClass.m */,
				DC372D061D7379A30023270F /* ContactInfo+CoreDataProperties.h */,
				DC372D071D7379A30023270F /* ContactInfo+CoreDataProperties.m */,
			);
			name = "Automatically generated";
			sourceTree = "<group>";
		};
		DC5B00871D711800001C5A83 /* Views */ = {
			isa = PBXGroup;
			children = (
				DC5B00881D711806001C5A83 /* Cells */,
			);
			name = Views;
			sourceTree = "<group>";
		};
		DC5B00881D711806001C5A83 /* Cells */ = {
			isa = PBXGroup;
			children = (
				DCDABDD41D71170600BCC342 /* BeerTableViewCell.h */,
				DCDABDD51D71170600BCC342 /* BeerTableViewCell.m */,
				DCA9F7EA1D7209CF00C19FA8 /* ScheduleItemTableViewCell.h */,
				DCA9F7EB1D7209CF00C19FA8 /* ScheduleItemTableViewCell.m */,
			);
			name = Cells;
			sourceTree = "<group>";
		};
		DC7454321D61155F00D87656 = {
			isa = PBXGroup;
			children = (
				DC74543D1D61155F00D87656 /* okto_ios */,
				DC74545A1D61155F00D87656 /* okto_iosTests */,
				DC7454651D61155F00D87656 /* okto_iosUITests */,
				DC74543C1D61155F00D87656 /* Products */,
				C7383EE9699038DBAC171D00 /* Pods */,
				868A499115D2F8FC33969595 /* Frameworks */,
			);
			sourceTree = "<group>";
		};
		DC74543C1D61155F00D87656 /* Products */ = {
			isa = PBXGroup;
			children = (
				DC74543B1D61155F00D87656 /* okto_ios.app */,
				DC7454571D61155F00D87656 /* okto_iosTests.xctest */,
				DC7454621D61155F00D87656 /* okto_iosUITests.xctest */,
			);
			name = Products;
			sourceTree = "<group>";
		};
		DC74543D1D61155F00D87656 /* okto_ios */ = {
			isa = PBXGroup;
			children = (
				DC7454411D61155F00D87656 /* AppDelegate.h */,
				DC7454421D61155F00D87656 /* AppDelegate.m */,
				DC74548C1D611AFB00D87656 /* OKTFlowController.h */,
				DC74548D1D611AFB00D87656 /* OKTFlowController.m */,
				DC74548F1D61483200D87656 /* OKTAPIWrapper.h */,
				DC7454901D61483200D87656 /* OKTAPIWrapper.m */,
				DC7454921D61487E00D87656 /* OKTNetworkMethods.h */,
				DC7454931D61487E00D87656 /* OKTNetworkMethods.m */,
				DCB80B381D6E741100EB8A98 /* Model */,
				DC74548B1D61160300D87656 /* Storyboards */,
				DCA9F7DD1D7203F800C19FA8 /* BaseClasses */,
				DCDABDD01D71154C00BCC342 /* View Controllers */,
				DC5B00871D711800001C5A83 /* Views */,
				DC74544D1D61155F00D87656 /* Assets.xcassets */,
				DC74544F1D61155F00D87656 /* LaunchScreen.storyboard */,
				DC7454521D61155F00D87656 /* Info.plist */,
				DC74544A1D61155F00D87656 /* okto_ios.xcdatamodeld */,
				DCDABDCD1D70D9EF00BCC342 /* NSDictionary+NilSupport.h */,
				DCDABDCE1D70D9EF00BCC342 /* NSDictionary+NilSupport.m */,
				DC74543E1D61155F00D87656 /* Supporting Files */,
			);
			path = okto_ios;
			sourceTree = "<group>";
		};
		DC74543E1D61155F00D87656 /* Supporting Files */ = {
			isa = PBXGroup;
			children = (
				DC74543F1D61155F00D87656 /* main.m */,
			);
			name = "Supporting Files";
			sourceTree = "<group>";
		};
		DC74545A1D61155F00D87656 /* okto_iosTests */ = {
			isa = PBXGroup;
			children = (
				DC74545B1D61155F00D87656 /* okto_iosTests.m */,
				DC74545D1D61155F00D87656 /* Info.plist */,
			);
			path = okto_iosTests;
			sourceTree = "<group>";
		};
		DC7454651D61155F00D87656 /* okto_iosUITests */ = {
			isa = PBXGroup;
			children = (
				DC7454661D61155F00D87656 /* okto_iosUITests.m */,
				DC7454681D61155F00D87656 /* Info.plist */,
			);
			path = okto_iosUITests;
			sourceTree = "<group>";
		};
		DC74548A1D6115FC00D87656 /* Tabs */ = {
			isa = PBXGroup;
			children = (
				DC7454801D6115B400D87656 /* Bienvenue.storyboard */,
				DC7454811D6115B400D87656 /* Bieres.storyboard */,
				DC7454821D6115B400D87656 /* Programmation.storyboard */,
				DC7454861D6115DD00D87656 /* Plan.storyboard */,
				DC7454881D6115F500D87656 /* Info.storyboard */,
			);
			name = Tabs;
			sourceTree = "<group>";
		};
		DC74548B1D61160300D87656 /* Storyboards */ = {
			isa = PBXGroup;
			children = (
				DC74547D1D6115AD00D87656 /* Main.storyboard */,
				DC74548A1D6115FC00D87656 /* Tabs */,
			);
			name = Storyboards;
			sourceTree = "<group>";
		};
		DCA9F7DD1D7203F800C19FA8 /* BaseClasses */ = {
			isa = PBXGroup;
			children = (
				DCA9F7E11D7205C400C19FA8 /* OKTBaseTableViewController.h */,
				DCA9F7E21D7205C400C19FA8 /* OKTBaseTableViewController.m */,
				DCA9F7E41D72060800C19FA8 /* OKTBaseTableViewController+FetchedResultsController.h */,
				DCA9F7E51D72060800C19FA8 /* OKTBaseTableViewController+FetchedResultsController.m */,
				DCA9F7F31D720A4B00C19FA8 /* OKTObjectConfigurableProtocol.h */,
			);
			name = BaseClasses;
			sourceTree = "<group>";
		};
		DCB80B381D6E741100EB8A98 /* Model */ = {
			isa = PBXGroup;
			children = (
				DCDABDBF1D70CB9B00BCC342 /* Classes */,
				DC372CE71D7378430023270F /* Automatically generated */,
			);
			name = Model;
			path = ..;
			sourceTree = "<group>";
		};
		DCDABDBF1D70CB9B00BCC342 /* Classes */ = {
			isa = PBXGroup;
			children = (
				DCDABDC01D70CD5200BCC342 /* OKTModelProtocol.h */,
				DCDABDBC1D70CB9600BCC342 /* Beer+Methods.h */,
				DCDABDBD1D70CB9600BCC342 /* Beer+Methods.m */,
				DCDABDC11D70CDFB00BCC342 /* ScheduleItem+Methods.h */,
				DCDABDC21D70CDFB00BCC342 /* ScheduleItem+Methods.m */,
				DCDABDC41D70CE1000BCC342 /* PathPosition+Methods.h */,
				DCDABDC51D70CE1000BCC342 /* PathPosition+Methods.m */,
				DCDABDC71D70CE1900BCC342 /* BusPath+Methods.h */,
				DCDABDC81D70CE1900BCC342 /* BusPath+Methods.m */,
				DCDABDCA1D70CE2200BCC342 /* ContactInfo+Methods.h */,
				DCDABDCB1D70CE2200BCC342 /* ContactInfo+Methods.m */,
			);
			name = Classes;
			sourceTree = "<group>";
		};
		DCDABDD01D71154C00BCC342 /* View Controllers */ = {
			isa = PBXGroup;
			children = (
				DC5B00891D712869001C5A83 /* RootViewController.h */,
				DC5B008A1D712869001C5A83 /* RootViewController.m */,
				DCA9F7D71D7200FA00C19FA8 /* ScheduleTableViewController.h */,
				DCA9F7D81D7200FA00C19FA8 /* ScheduleTableViewController.m */,
				DCDABDD11D7115A100BCC342 /* BeersTableViewController.h */,
				DCDABDD21D7115A100BCC342 /* BeersTableViewController.m */,
			);
			name = "View Controllers";
			sourceTree = "<group>";
		};
/* End PBXGroup section */

/* Begin PBXNativeTarget section */
		DC74543A1D61155F00D87656 /* okto_ios */ = {
			isa = PBXNativeTarget;
			buildConfigurationList = DC74546B1D61155F00D87656 /* Build configuration list for PBXNativeTarget "okto_ios" */;
			buildPhases = (
				38B9844DA585C5A73597B67F /* [CP] Check Pods Manifest.lock */,
				DC7454371D61155F00D87656 /* Sources */,
				DC7454381D61155F00D87656 /* Frameworks */,
				DC7454391D61155F00D87656 /* Resources */,
				9FFF18EBC6E183FED7F90111 /* [CP] Embed Pods Frameworks */,
				7EA2741E839397B0F89A48FF /* [CP] Copy Pods Resources */,
				DCB80B191D6E64BE00EB8A98 /* Increase build number */,
			);
			buildRules = (
			);
			dependencies = (
			);
			name = okto_ios;
			productName = okto_ios;
			productReference = DC74543B1D61155F00D87656 /* okto_ios.app */;
			productType = "com.apple.product-type.application";
		};
		DC7454561D61155F00D87656 /* okto_iosTests */ = {
			isa = PBXNativeTarget;
			buildConfigurationList = DC74546E1D61155F00D87656 /* Build configuration list for PBXNativeTarget "okto_iosTests" */;
			buildPhases = (
				4F4C0DDD1FE3467DB8A59EBD /* [CP] Check Pods Manifest.lock */,
				DC7454531D61155F00D87656 /* Sources */,
				DC7454541D61155F00D87656 /* Frameworks */,
				DC7454551D61155F00D87656 /* Resources */,
				902D08E7190499CA4191C0D4 /* [CP] Embed Pods Frameworks */,
				4FF3BF5647377DB87F33D4EB /* [CP] Copy Pods Resources */,
			);
			buildRules = (
			);
			dependencies = (
				DC7454591D61155F00D87656 /* PBXTargetDependency */,
			);
			name = okto_iosTests;
			productName = okto_iosTests;
			productReference = DC7454571D61155F00D87656 /* okto_iosTests.xctest */;
			productType = "com.apple.product-type.bundle.unit-test";
		};
		DC7454611D61155F00D87656 /* okto_iosUITests */ = {
			isa = PBXNativeTarget;
			buildConfigurationList = DC7454711D61155F00D87656 /* Build configuration list for PBXNativeTarget "okto_iosUITests" */;
			buildPhases = (
				82FB230AD3B8F58C2FA8D493 /* [CP] Check Pods Manifest.lock */,
				DC74545E1D61155F00D87656 /* Sources */,
				DC74545F1D61155F00D87656 /* Frameworks */,
				DC7454601D61155F00D87656 /* Resources */,
				5779D16122BA4F95D062AA07 /* [CP] Copy Pods Resources */,
			);
			buildRules = (
			);
			dependencies = (
				DC7454641D61155F00D87656 /* PBXTargetDependency */,
			);
			name = okto_iosUITests;
			productName = okto_iosUITests;
			productReference = DC7454621D61155F00D87656 /* okto_iosUITests.xctest */;
			productType = "com.apple.product-type.bundle.ui-testing";
		};
/* End PBXNativeTarget section */

/* Begin PBXProject section */
		DC7454331D61155F00D87656 /* Project object */ = {
			isa = PBXProject;
			attributes = {
				LastUpgradeCheck = 0800;
				ORGANIZATIONNAME = "Felix Lapalme";
				TargetAttributes = {
					DC74543A1D61155F00D87656 = {
						CreatedOnToolsVersion = 8.0;
						DevelopmentTeam = DVKB9Z8TQ2;
						ProvisioningStyle = Automatic;
					};
					DC7454561D61155F00D87656 = {
						CreatedOnToolsVersion = 8.0;
						DevelopmentTeam = DVKB9Z8TQ2;
						ProvisioningStyle = Automatic;
						TestTargetID = DC74543A1D61155F00D87656;
					};
					DC7454611D61155F00D87656 = {
						CreatedOnToolsVersion = 8.0;
						DevelopmentTeam = DVKB9Z8TQ2;
						ProvisioningStyle = Automatic;
						TestTargetID = DC74543A1D61155F00D87656;
					};
				};
			};
			buildConfigurationList = DC7454361D61155F00D87656 /* Build configuration list for PBXProject "okto_ios" */;
			compatibilityVersion = "Xcode 3.2";
			developmentRegion = English;
			hasScannedForEncodings = 0;
			knownRegions = (
				en,
				Base,
			);
			mainGroup = DC7454321D61155F00D87656;
			productRefGroup = DC74543C1D61155F00D87656 /* Products */;
			projectDirPath = "";
			projectRoot = "";
			targets = (
				DC74543A1D61155F00D87656 /* okto_ios */,
				DC7454561D61155F00D87656 /* okto_iosTests */,
				DC7454611D61155F00D87656 /* okto_iosUITests */,
			);
		};
/* End PBXProject section */

/* Begin PBXResourcesBuildPhase section */
		DC7454391D61155F00D87656 /* Resources */ = {
			isa = PBXResourcesBuildPhase;
			buildActionMask = 2147483647;
			files = (
				DC7454831D6115B400D87656 /* Bienvenue.storyboard in Resources */,
				DC7454851D6115B400D87656 /* Programmation.storyboard in Resources */,
				DC7454891D6115F500D87656 /* Info.storyboard in Resources */,
				DC7454871D6115DD00D87656 /* Plan.storyboard in Resources */,
				DC74547F1D6115AD00D87656 /* Main.storyboard in Resources */,
				DC7454511D61155F00D87656 /* LaunchScreen.storyboard in Resources */,
				DC7454841D6115B400D87656 /* Bieres.storyboard in Resources */,
				DC74544E1D61155F00D87656 /* Assets.xcassets in Resources */,
			);
			runOnlyForDeploymentPostprocessing = 0;
		};
		DC7454551D61155F00D87656 /* Resources */ = {
			isa = PBXResourcesBuildPhase;
			buildActionMask = 2147483647;
			files = (
			);
			runOnlyForDeploymentPostprocessing = 0;
		};
		DC7454601D61155F00D87656 /* Resources */ = {
			isa = PBXResourcesBuildPhase;
			buildActionMask = 2147483647;
			files = (
			);
			runOnlyForDeploymentPostprocessing = 0;
		};
/* End PBXResourcesBuildPhase section */

/* Begin PBXShellScriptBuildPhase section */
		38B9844DA585C5A73597B67F /* [CP] Check Pods Manifest.lock */ = {
			isa = PBXShellScriptBuildPhase;
			buildActionMask = 2147483647;
			files = (
			);
			inputPaths = (
			);
			name = "[CP] Check Pods Manifest.lock";
			outputPaths = (
			);
			runOnlyForDeploymentPostprocessing = 0;
			shellPath = /bin/sh;
			shellScript = "diff \"${PODS_ROOT}/../Podfile.lock\" \"${PODS_ROOT}/Manifest.lock\" > /dev/null\nif [[ $? != 0 ]] ; then\n    cat << EOM\nerror: The sandbox is not in sync with the Podfile.lock. Run 'pod install' or update your CocoaPods installation.\nEOM\n    exit 1\nfi\n";
			showEnvVarsInLog = 0;
		};
		4F4C0DDD1FE3467DB8A59EBD /* [CP] Check Pods Manifest.lock */ = {
			isa = PBXShellScriptBuildPhase;
			buildActionMask = 2147483647;
			files = (
			);
			inputPaths = (
			);
			name = "[CP] Check Pods Manifest.lock";
			outputPaths = (
			);
			runOnlyForDeploymentPostprocessing = 0;
			shellPath = /bin/sh;
			shellScript = "diff \"${PODS_ROOT}/../Podfile.lock\" \"${PODS_ROOT}/Manifest.lock\" > /dev/null\nif [[ $? != 0 ]] ; then\n    cat << EOM\nerror: The sandbox is not in sync with the Podfile.lock. Run 'pod install' or update your CocoaPods installation.\nEOM\n    exit 1\nfi\n";
			showEnvVarsInLog = 0;
		};
		4FF3BF5647377DB87F33D4EB /* [CP] Copy Pods Resources */ = {
			isa = PBXShellScriptBuildPhase;
			buildActionMask = 2147483647;
			files = (
			);
			inputPaths = (
			);
			name = "[CP] Copy Pods Resources";
			outputPaths = (
			);
			runOnlyForDeploymentPostprocessing = 0;
			shellPath = /bin/sh;
			shellScript = "\"${SRCROOT}/Pods/Target Support Files/Pods-okto_iosTests/Pods-okto_iosTests-resources.sh\"\n";
			showEnvVarsInLog = 0;
		};
		5779D16122BA4F95D062AA07 /* [CP] Copy Pods Resources */ = {
			isa = PBXShellScriptBuildPhase;
			buildActionMask = 2147483647;
			files = (
			);
			inputPaths = (
			);
			name = "[CP] Copy Pods Resources";
			outputPaths = (
			);
			runOnlyForDeploymentPostprocessing = 0;
			shellPath = /bin/sh;
			shellScript = "\"${SRCROOT}/Pods/Target Support Files/Pods-okto_iosUITests/Pods-okto_iosUITests-resources.sh\"\n";
			showEnvVarsInLog = 0;
		};
		7EA2741E839397B0F89A48FF /* [CP] Copy Pods Resources */ = {
			isa = PBXShellScriptBuildPhase;
			buildActionMask = 2147483647;
			files = (
			);
			inputPaths = (
			);
			name = "[CP] Copy Pods Resources";
			outputPaths = (
			);
			runOnlyForDeploymentPostprocessing = 0;
			shellPath = /bin/sh;
			shellScript = "\"${SRCROOT}/Pods/Target Support Files/Pods-okto_ios/Pods-okto_ios-resources.sh\"\n";
			showEnvVarsInLog = 0;
		};
		82FB230AD3B8F58C2FA8D493 /* [CP] Check Pods Manifest.lock */ = {
			isa = PBXShellScriptBuildPhase;
			buildActionMask = 2147483647;
			files = (
			);
			inputPaths = (
			);
			name = "[CP] Check Pods Manifest.lock";
			outputPaths = (
			);
			runOnlyForDeploymentPostprocessing = 0;
			shellPath = /bin/sh;
			shellScript = "diff \"${PODS_ROOT}/../Podfile.lock\" \"${PODS_ROOT}/Manifest.lock\" > /dev/null\nif [[ $? != 0 ]] ; then\n    cat << EOM\nerror: The sandbox is not in sync with the Podfile.lock. Run 'pod install' or update your CocoaPods installation.\nEOM\n    exit 1\nfi\n";
			showEnvVarsInLog = 0;
		};
		902D08E7190499CA4191C0D4 /* [CP] Embed Pods Frameworks */ = {
			isa = PBXShellScriptBuildPhase;
			buildActionMask = 2147483647;
			files = (
			);
			inputPaths = (
			);
			name = "[CP] Embed Pods Frameworks";
			outputPaths = (
			);
			runOnlyForDeploymentPostprocessing = 0;
			shellPath = /bin/sh;
			shellScript = "\"${SRCROOT}/Pods/Target Support Files/Pods-okto_iosTests/Pods-okto_iosTests-frameworks.sh\"\n";
			showEnvVarsInLog = 0;
		};
		9FFF18EBC6E183FED7F90111 /* [CP] Embed Pods Frameworks */ = {
			isa = PBXShellScriptBuildPhase;
			buildActionMask = 2147483647;
			files = (
			);
			inputPaths = (
			);
			name = "[CP] Embed Pods Frameworks";
			outputPaths = (
			);
			runOnlyForDeploymentPostprocessing = 0;
			shellPath = /bin/sh;
			shellScript = "\"${SRCROOT}/Pods/Target Support Files/Pods-okto_ios/Pods-okto_ios-frameworks.sh\"\n";
			showEnvVarsInLog = 0;
		};
		DCB80B191D6E64BE00EB8A98 /* Increase build number */ = {
			isa = PBXShellScriptBuildPhase;
			buildActionMask = 2147483647;
			files = (
			);
			inputPaths = (
			);
			name = "Increase build number";
			outputPaths = (
			);
			runOnlyForDeploymentPostprocessing = 0;
			shellPath = /bin/sh;
			shellScript = "${PROJECT_DIR}/buildNumIncrement.sh \"${PROJECT_DIR}/${INFOPLIST_FILE}\"";
		};
/* End PBXShellScriptBuildPhase section */

/* Begin PBXSourcesBuildPhase section */
		DC7454371D61155F00D87656 /* Sources */ = {
			isa = PBXSourcesBuildPhase;
			buildActionMask = 2147483647;
			files = (
				DC74544C1D61155F00D87656 /* okto_ios.xcdatamodeld in Sources */,
				DCDABDBE1D70CB9600BCC342 /* Beer+Methods.m in Sources */,
				DCDABDCC1D70CE2200BCC342 /* ContactInfo+Methods.m in Sources */,
				DC372D0F1D7379A30023270F /* WelcomeInfo+CoreDataProperties.m in Sources */,
				DC7454431D61155F00D87656 /* AppDelegate.m in Sources */,
				DC372D151D7379A30023270F /* Beer+CoreDataProperties.m in Sources */,
				DC372D141D7379A30023270F /* Beer+CoreDataClass.m in Sources */,
				DC372D131D7379A30023270F /* BusPath+CoreDataProperties.m in Sources */,
				DC74548E1D611AFB00D87656 /* OKTFlowController.m in Sources */,
				DC372D091D7379A30023270F /* ScheduleItem+CoreDataProperties.m in Sources */,
				DC372D111D7379A30023270F /* FAQ+CoreDataProperties.m in Sources */,
				DCDABDCF1D70D9EF00BCC342 /* NSDictionary+NilSupport.m in Sources */,
				DC7454401D61155F00D87656 /* main.m in Sources */,
				DC372D171D7379A30023270F /* ContactInfo+CoreDataProperties.m in Sources */,
				DC372D0D1D7379A30023270F /* Sponsor+CoreDataProperties.m in Sources */,
				DCDABDC61D70CE1000BCC342 /* PathPosition+Methods.m in Sources */,
				DC5B008B1D712869001C5A83 /* RootViewController.m in Sources */,
				DC372D0C1D7379A30023270F /* Sponsor+CoreDataClass.m in Sources */,
				DCDABDD31D7115A100BCC342 /* BeersTableViewController.m in Sources */,
				DC372D121D7379A30023270F /* BusPath+CoreDataClass.m in Sources */,
				DCA9F7E31D7205C400C19FA8 /* OKTBaseTableViewController.m in Sources */,
				DCA9F7E61D72060800C19FA8 /* OKTBaseTableViewController+FetchedResultsController.m in Sources */,
				DC7454911D61483200D87656 /* OKTAPIWrapper.m in Sources */,
				DCDABDC31D70CDFB00BCC342 /* ScheduleItem+Methods.m in Sources */,
				DC7454941D61487E00D87656 /* OKTNetworkMethods.m in Sources */,
				DC372D101D7379A30023270F /* FAQ+CoreDataClass.m in Sources */,
				DC372D161D7379A30023270F /* ContactInfo+CoreDataClass.m in Sources */,
				DCA9F7D91D7200FA00C19FA8 /* ScheduleTableViewController.m in Sources */,
				DC372D0B1D7379A30023270F /* PathPosition+CoreDataProperties.m in Sources */,
				DCDABDC91D70CE1900BCC342 /* BusPath+Methods.m in Sources */,
				DCDABDD61D71170600BCC342 /* BeerTableViewCell.m in Sources */,
				DC372D0A1D7379A30023270F /* PathPosition+CoreDataClass.m in Sources */,
				DCA9F7EC1D7209CF00C19FA8 /* ScheduleItemTableViewCell.m in Sources */,
				DC372D0E1D7379A30023270F /* WelcomeInfo+CoreDataClass.m in Sources */,
				DC372D081D7379A30023270F /* ScheduleItem+CoreDataClass.m in Sources */,
			);
			runOnlyForDeploymentPostprocessing = 0;
		};
		DC7454531D61155F00D87656 /* Sources */ = {
			isa = PBXSourcesBuildPhase;
			buildActionMask = 2147483647;
			files = (
				DC74545C1D61155F00D87656 /* okto_iosTests.m in Sources */,
			);
			runOnlyForDeploymentPostprocessing = 0;
		};
		DC74545E1D61155F00D87656 /* Sources */ = {
			isa = PBXSourcesBuildPhase;
			buildActionMask = 2147483647;
			files = (
				DC7454671D61155F00D87656 /* okto_iosUITests.m in Sources */,
			);
			runOnlyForDeploymentPostprocessing = 0;
		};
/* End PBXSourcesBuildPhase section */

/* Begin PBXTargetDependency section */
		DC7454591D61155F00D87656 /* PBXTargetDependency */ = {
			isa = PBXTargetDependency;
			target = DC74543A1D61155F00D87656 /* okto_ios */;
			targetProxy = DC7454581D61155F00D87656 /* PBXContainerItemProxy */;
		};
		DC7454641D61155F00D87656 /* PBXTargetDependency */ = {
			isa = PBXTargetDependency;
			target = DC74543A1D61155F00D87656 /* okto_ios */;
			targetProxy = DC7454631D61155F00D87656 /* PBXContainerItemProxy */;
		};
/* End PBXTargetDependency section */

/* Begin PBXVariantGroup section */
		DC74544F1D61155F00D87656 /* LaunchScreen.storyboard */ = {
			isa = PBXVariantGroup;
			children = (
				DC7454501D61155F00D87656 /* Base */,
			);
			name = LaunchScreen.storyboard;
			sourceTree = "<group>";
		};
		DC74547D1D6115AD00D87656 /* Main.storyboard */ = {
			isa = PBXVariantGroup;
			children = (
				DC74547E1D6115AD00D87656 /* Base */,
			);
			name = Main.storyboard;
			sourceTree = "<group>";
		};
/* End PBXVariantGroup section */

/* Begin XCBuildConfiguration section */
		DC7454691D61155F00D87656 /* Debug */ = {
			isa = XCBuildConfiguration;
			buildSettings = {
				ALWAYS_SEARCH_USER_PATHS = NO;
				CLANG_ANALYZER_NONNULL = YES;
				CLANG_CXX_LANGUAGE_STANDARD = "gnu++0x";
				CLANG_CXX_LIBRARY = "libc++";
				CLANG_ENABLE_MODULES = YES;
				CLANG_ENABLE_OBJC_ARC = YES;
				CLANG_WARN_BOOL_CONVERSION = YES;
				CLANG_WARN_CONSTANT_CONVERSION = YES;
				CLANG_WARN_DIRECT_OBJC_ISA_USAGE = YES_ERROR;
				CLANG_WARN_DOCUMENTATION_COMMENTS = YES;
				CLANG_WARN_EMPTY_BODY = YES;
				CLANG_WARN_ENUM_CONVERSION = YES;
				CLANG_WARN_INFINITE_RECURSION = YES;
				CLANG_WARN_INT_CONVERSION = YES;
				CLANG_WARN_OBJC_ROOT_CLASS = YES_ERROR;
				CLANG_WARN_SUSPICIOUS_MOVES = YES;
				CLANG_WARN_UNREACHABLE_CODE = YES;
				CLANG_WARN__DUPLICATE_METHOD_MATCH = YES;
				"CODE_SIGN_IDENTITY[sdk=iphoneos*]" = "iPhone Developer";
				COPY_PHASE_STRIP = NO;
				DEBUG_INFORMATION_FORMAT = dwarf;
				ENABLE_STRICT_OBJC_MSGSEND = YES;
				ENABLE_TESTABILITY = YES;
				GCC_C_LANGUAGE_STANDARD = gnu99;
				GCC_DYNAMIC_NO_PIC = NO;
				GCC_NO_COMMON_BLOCKS = YES;
				GCC_OPTIMIZATION_LEVEL = 0;
				GCC_PREPROCESSOR_DEFINITIONS = (
					"DEBUG=1",
					"$(inherited)",
				);
				GCC_WARN_64_TO_32_BIT_CONVERSION = YES;
				GCC_WARN_ABOUT_RETURN_TYPE = YES_ERROR;
				GCC_WARN_UNDECLARED_SELECTOR = YES;
				GCC_WARN_UNINITIALIZED_AUTOS = YES_AGGRESSIVE;
				GCC_WARN_UNUSED_FUNCTION = YES;
				GCC_WARN_UNUSED_VARIABLE = YES;
				IPHONEOS_DEPLOYMENT_TARGET = 10.0;
				MTL_ENABLE_DEBUG_INFO = YES;
				ONLY_ACTIVE_ARCH = YES;
				SDKROOT = iphoneos;
			};
			name = Debug;
		};
		DC74546A1D61155F00D87656 /* Release */ = {
			isa = XCBuildConfiguration;
			buildSettings = {
				ALWAYS_SEARCH_USER_PATHS = NO;
				CLANG_ANALYZER_NONNULL = YES;
				CLANG_CXX_LANGUAGE_STANDARD = "gnu++0x";
				CLANG_CXX_LIBRARY = "libc++";
				CLANG_ENABLE_MODULES = YES;
				CLANG_ENABLE_OBJC_ARC = YES;
				CLANG_WARN_BOOL_CONVERSION = YES;
				CLANG_WARN_CONSTANT_CONVERSION = YES;
				CLANG_WARN_DIRECT_OBJC_ISA_USAGE = YES_ERROR;
				CLANG_WARN_DOCUMENTATION_COMMENTS = YES;
				CLANG_WARN_EMPTY_BODY = YES;
				CLANG_WARN_ENUM_CONVERSION = YES;
				CLANG_WARN_INFINITE_RECURSION = YES;
				CLANG_WARN_INT_CONVERSION = YES;
				CLANG_WARN_OBJC_ROOT_CLASS = YES_ERROR;
				CLANG_WARN_SUSPICIOUS_MOVES = YES;
				CLANG_WARN_UNREACHABLE_CODE = YES;
				CLANG_WARN__DUPLICATE_METHOD_MATCH = YES;
				"CODE_SIGN_IDENTITY[sdk=iphoneos*]" = "iPhone Developer";
				COPY_PHASE_STRIP = NO;
				DEBUG_INFORMATION_FORMAT = "dwarf-with-dsym";
				ENABLE_NS_ASSERTIONS = NO;
				ENABLE_STRICT_OBJC_MSGSEND = YES;
				GCC_C_LANGUAGE_STANDARD = gnu99;
				GCC_NO_COMMON_BLOCKS = YES;
				GCC_WARN_64_TO_32_BIT_CONVERSION = YES;
				GCC_WARN_ABOUT_RETURN_TYPE = YES_ERROR;
				GCC_WARN_UNDECLARED_SELECTOR = YES;
				GCC_WARN_UNINITIALIZED_AUTOS = YES_AGGRESSIVE;
				GCC_WARN_UNUSED_FUNCTION = YES;
				GCC_WARN_UNUSED_VARIABLE = YES;
				IPHONEOS_DEPLOYMENT_TARGET = 10.0;
				MTL_ENABLE_DEBUG_INFO = NO;
				SDKROOT = iphoneos;
				VALIDATE_PRODUCT = YES;
			};
			name = Release;
		};
		DC74546C1D61155F00D87656 /* Debug */ = {
			isa = XCBuildConfiguration;
			baseConfigurationReference = C77115BDDE96F5E61082E601 /* Pods-okto_ios.debug.xcconfig */;
			buildSettings = {
				ASSETCATALOG_COMPILER_APPICON_NAME = AppIcon;
				DEVELOPMENT_TEAM = DVKB9Z8TQ2;
				INFOPLIST_FILE = okto_ios/Info.plist;
				IPHONEOS_DEPLOYMENT_TARGET = 9.0;
				LD_RUNPATH_SEARCH_PATHS = "$(inherited) @executable_path/Frameworks";
				PRODUCT_BUNDLE_IDENTIFIER = "com.lapfelix.okto-ios";
				PRODUCT_NAME = "$(TARGET_NAME)";
			};
			name = Debug;
		};
		DC74546D1D61155F00D87656 /* Release */ = {
			isa = XCBuildConfiguration;
			baseConfigurationReference = B3CE05E2EA3DC44C7CECA6EC /* Pods-okto_ios.release.xcconfig */;
			buildSettings = {
				ASSETCATALOG_COMPILER_APPICON_NAME = AppIcon;
				DEVELOPMENT_TEAM = DVKB9Z8TQ2;
				INFOPLIST_FILE = okto_ios/Info.plist;
				IPHONEOS_DEPLOYMENT_TARGET = 9.0;
				LD_RUNPATH_SEARCH_PATHS = "$(inherited) @executable_path/Frameworks";
				PRODUCT_BUNDLE_IDENTIFIER = "com.lapfelix.okto-ios";
				PRODUCT_NAME = "$(TARGET_NAME)";
			};
			name = Release;
		};
		DC74546F1D61155F00D87656 /* Debug */ = {
			isa = XCBuildConfiguration;
			baseConfigurationReference = 1578D09E6921F4C2078041C0 /* Pods-okto_iosTests.debug.xcconfig */;
			buildSettings = {
				BUNDLE_LOADER = "$(TEST_HOST)";
				DEVELOPMENT_TEAM = DVKB9Z8TQ2;
				INFOPLIST_FILE = okto_iosTests/Info.plist;
				LD_RUNPATH_SEARCH_PATHS = "$(inherited) @executable_path/Frameworks @loader_path/Frameworks";
				PRODUCT_BUNDLE_IDENTIFIER = "com.lapfelix.okto-iosTests";
				PRODUCT_NAME = "$(TARGET_NAME)";
				TEST_HOST = "$(BUILT_PRODUCTS_DIR)/okto_ios.app/okto_ios";
			};
			name = Debug;
		};
		DC7454701D61155F00D87656 /* Release */ = {
			isa = XCBuildConfiguration;
			baseConfigurationReference = 7EFF89E4C950CBFE79BF56DE /* Pods-okto_iosTests.release.xcconfig */;
			buildSettings = {
				BUNDLE_LOADER = "$(TEST_HOST)";
				DEVELOPMENT_TEAM = DVKB9Z8TQ2;
				INFOPLIST_FILE = okto_iosTests/Info.plist;
				LD_RUNPATH_SEARCH_PATHS = "$(inherited) @executable_path/Frameworks @loader_path/Frameworks";
				PRODUCT_BUNDLE_IDENTIFIER = "com.lapfelix.okto-iosTests";
				PRODUCT_NAME = "$(TARGET_NAME)";
				TEST_HOST = "$(BUILT_PRODUCTS_DIR)/okto_ios.app/okto_ios";
			};
			name = Release;
		};
		DC7454721D61155F00D87656 /* Debug */ = {
			isa = XCBuildConfiguration;
			baseConfigurationReference = 9BEAA1A84801F6EC1CB9BE26 /* Pods-okto_iosUITests.debug.xcconfig */;
			buildSettings = {
				DEVELOPMENT_TEAM = DVKB9Z8TQ2;
				INFOPLIST_FILE = okto_iosUITests/Info.plist;
				LD_RUNPATH_SEARCH_PATHS = "$(inherited) @executable_path/Frameworks @loader_path/Frameworks";
				PRODUCT_BUNDLE_IDENTIFIER = "com.lapfelix.okto-iosUITests";
				PRODUCT_NAME = "$(TARGET_NAME)";
				TEST_TARGET_NAME = okto_ios;
			};
			name = Debug;
		};
		DC7454731D61155F00D87656 /* Release */ = {
			isa = XCBuildConfiguration;
			baseConfigurationReference = 76435C52A76FDBD78AF3FFE8 /* Pods-okto_iosUITests.release.xcconfig */;
			buildSettings = {
				DEVELOPMENT_TEAM = DVKB9Z8TQ2;
				INFOPLIST_FILE = okto_iosUITests/Info.plist;
				LD_RUNPATH_SEARCH_PATHS = "$(inherited) @executable_path/Frameworks @loader_path/Frameworks";
				PRODUCT_BUNDLE_IDENTIFIER = "com.lapfelix.okto-iosUITests";
				PRODUCT_NAME = "$(TARGET_NAME)";
				TEST_TARGET_NAME = okto_ios;
			};
			name = Release;
		};
/* End XCBuildConfiguration section */

/* Begin XCConfigurationList section */
		DC7454361D61155F00D87656 /* Build configuration list for PBXProject "okto_ios" */ = {
			isa = XCConfigurationList;
			buildConfigurations = (
				DC7454691D61155F00D87656 /* Debug */,
				DC74546A1D61155F00D87656 /* Release */,
			);
			defaultConfigurationIsVisible = 0;
			defaultConfigurationName = Release;
		};
		DC74546B1D61155F00D87656 /* Build configuration list for PBXNativeTarget "okto_ios" */ = {
			isa = XCConfigurationList;
			buildConfigurations = (
				DC74546C1D61155F00D87656 /* Debug */,
				DC74546D1D61155F00D87656 /* Release */,
			);
			defaultConfigurationIsVisible = 0;
			defaultConfigurationName = Release;
		};
		DC74546E1D61155F00D87656 /* Build configuration list for PBXNativeTarget "okto_iosTests" */ = {
			isa = XCConfigurationList;
			buildConfigurations = (
				DC74546F1D61155F00D87656 /* Debug */,
				DC7454701D61155F00D87656 /* Release */,
			);
			defaultConfigurationIsVisible = 0;
			defaultConfigurationName = Release;
		};
		DC7454711D61155F00D87656 /* Build configuration list for PBXNativeTarget "okto_iosUITests" */ = {
			isa = XCConfigurationList;
			buildConfigurations = (
				DC7454721D61155F00D87656 /* Debug */,
				DC7454731D61155F00D87656 /* Release */,
			);
			defaultConfigurationIsVisible = 0;
			defaultConfigurationName = Release;
		};
/* End XCConfigurationList section */

/* Begin XCVersionGroup section */
		DC74544A1D61155F00D87656 /* okto_ios.xcdatamodeld */ = {
			isa = XCVersionGroup;
			children = (
				DC74544B1D61155F00D87656 /* okto_ios.xcdatamodel */,
			);
			currentVersion = DC74544B1D61155F00D87656 /* okto_ios.xcdatamodel */;
			path = okto_ios.xcdatamodeld;
			sourceTree = "<group>";
			versionGroupType = wrapper.xcdatamodel;
		};
/* End XCVersionGroup section */
	};
	rootObject = DC7454331D61155F00D87656 /* Project object */;
}
